{
    "_readme": [
        "This file locks the dependencies of your project to a known state",
        "Read more about it at https://getcomposer.org/doc/01-basic-usage.md#composer-lock-the-lock-file",
        "This file is @generated automatically"
    ],
    "hash": "7370e4222e62198e22a7b30bc91c4ccf",
    "packages": [
        {
            "name": "gbv/jskos",
            "version": "0.0.12",
            "source": {
                "type": "git",
                "url": "https://github.com/gbv/jskos-php.git",
                "reference": "1e3e83872d79d6befe57ec43e4d7f24994975876"
            },
            "dist": {
                "type": "zip",
                "url": "https://api.github.com/repos/gbv/jskos-php/zipball/1e3e83872d79d6befe57ec43e4d7f24994975876",
                "reference": "1e3e83872d79d6befe57ec43e4d7f24994975876",
                "shasum": ""
            },
            "require": {
                "php": ">=5.6"
            },
            "require-dev": {
                "fabpot/php-cs-fixer": "^1.11",
                "jakub-onderka/php-console-highlighter": "~0.3",
                "jakub-onderka/php-parallel-lint": "~0.9",
                "phpunit/phpunit": "~4.8"
            },
            "suggest": {
                "psr/log": "^1.0"
            },
            "type": "library",
            "autoload": {
                "psr-4": {
                    "JSKOS\\": "src/"
                }
            },
            "notification-url": "https://packagist.org/downloads/",
            "license": [
                "LGPL"
            ],
            "description": "PHP library to access and serve JSKOS data and services",
            "homepage": "http://gbv.github.io/jskos-php/",
            "keywords": [
                "SKOS"
            ],
            "time": "2016-08-02 12:31:06"
        },
        {
            "name": "mashape/unirest-php",
            "version": "v3.0.3",
            "source": {
                "type": "git",
                "url": "https://github.com/Mashape/unirest-php.git",
                "reference": "5d304c6f6c0a6a75cdf4149005bd19479d3e6b1e"
            },
            "dist": {
                "type": "zip",
                "url": "https://api.github.com/repos/Mashape/unirest-php/zipball/5d304c6f6c0a6a75cdf4149005bd19479d3e6b1e",
                "reference": "5d304c6f6c0a6a75cdf4149005bd19479d3e6b1e",
                "shasum": ""
            },
            "require": {
                "ext-curl": "*",
                "php": ">=5.4.0"
            },
            "require-dev": {
                "codeclimate/php-test-reporter": "0.1.*",
                "phpunit/phpunit": "~4.4"
            },
            "suggest": {
                "ext-json": "Allows using JSON Bodies for sending and parsing requests"
            },
            "type": "library",
            "autoload": {
                "psr-0": {
                    "Unirest": "src"
                }
            },
            "notification-url": "https://packagist.org/downloads/",
            "license": [
                "MIT"
            ],
            "description": "Unirest PHP",
            "homepage": "https://github.com/Mashape/unirest-php",
            "keywords": [
                "client",
                "curl",
                "http",
                "https",
                "rest"
            ],
            "time": "2016-05-31 16:59:14"
        }
    ],
    "packages-dev": [],
    "aliases": [],
    "minimum-stability": "stable",
    "stability-flags": [],
    "prefer-stable": false,
    "prefer-lowest": false,
    "platform": [],
    "platform-dev": []
}
